
Microsoft Visual Studio Solution File, Format Version 12.00
# Visual Studio Version 17
VisualStudioVersion = 17.1.32328.378
MinimumVisualStudioVersion = 10.0.40219.1
Project("{9A19103F-16F7-4668-BE54-9A1E7A4F7556}") = "ActionCompiler", "ActionCompiler\ActionCompiler.csproj", "{BCCAC99C-62DA-4828-A156-907ED73A7FB3}"
EndProject
Project("{9A19103F-16F7-4668-BE54-9A1E7A4F7556}") = "ActionCompiler.TokenCompiler", "ActionCompiler.TokenCompiler\ActionCompiler.TokenCompiler.csproj", "{1E4C33F9-79BD-4EAF-8397-CB446F2A98AB}"
EndProject
Project("{9A19103F-16F7-4668-BE54-9A1E7A4F7556}") = "ActionCompiler.UnitTests", "ActionCompiler.Tests\ActionCompiler.UnitTests.csproj", "{D88E81E0-0731-4984-8B7C-15C7B41C5D8D}"
EndProject
Project("{9A19103F-16F7-4668-BE54-9A1E7A4F7556}") = "ActionCompiler.AstMutatingVisitorGenerator", "ActionCompiler.AstMutatingVisitorGenerator\ActionCompiler.AstMutatingVisitorGenerator.csproj", "{6BC6A407-3293-4417-8F07-C96AF4EED758}"
EndProject
Project("{FAE04EC0-301F-11D3-BF4B-00C04F79EFBC}") = "ActionCompiler.IntegrationTests", "ActionCompiler.IntegrationTests\ActionCompiler.IntegrationTests.csproj", "{ECBE47A5-33C0-4701-A55D-5F92483B7E79}"
EndProject
Global
	GlobalSection(SolutionConfigurationPlatforms) = preSolution
		Debug|Any CPU = Debug|Any CPU
		Debug|x64 = Debug|x64
		Debug|x86 = Debug|x86
		Release|Any CPU = Release|Any CPU
		Release|x64 = Release|x64
		Release|x86 = Release|x86
	EndGlobalSection
	GlobalSection(ProjectConfigurationPlatforms) = postSolution
		{BCCAC99C-62DA-4828-A156-907ED73A7FB3}.Debug|Any CPU.ActiveCfg = Debug|Any CPU
		{BCCAC99C-62DA-4828-A156-907ED73A7FB3}.Debug|Any CPU.Build.0 = Debug|Any CPU
		{BCCAC99C-62DA-4828-A156-907ED73A7FB3}.Debug|x64.ActiveCfg = Debug|Any CPU
		{BCCAC99C-62DA-4828-A156-907ED73A7FB3}.Debug|x64.Build.0 = Debug|Any CPU
		{BCCAC99C-62DA-4828-A156-907ED73A7FB3}.Debug|x86.ActiveCfg = Debug|Any CPU
		{BCCAC99C-62DA-4828-A156-907ED73A7FB3}.Debug|x86.Build.0 = Debug|Any CPU
		{BCCAC99C-62DA-4828-A156-907ED73A7FB3}.Release|Any CPU.ActiveCfg = Release|Any CPU
		{BCCAC99C-62DA-4828-A156-907ED73A7FB3}.Release|Any CPU.Build.0 = Release|Any CPU
		{BCCAC99C-62DA-4828-A156-907ED73A7FB3}.Release|x64.ActiveCfg = Release|Any CPU
		{BCCAC99C-62DA-4828-A156-907ED73A7FB3}.Release|x64.Build.0 = Release|Any CPU
		{BCCAC99C-62DA-4828-A156-907ED73A7FB3}.Release|x86.ActiveCfg = Release|Any CPU
		{BCCAC99C-62DA-4828-A156-907ED73A7FB3}.Release|x86.Build.0 = Release|Any CPU
		{1E4C33F9-79BD-4EAF-8397-CB446F2A98AB}.Debug|Any CPU.ActiveCfg = Debug|Any CPU
		{1E4C33F9-79BD-4EAF-8397-CB446F2A98AB}.Debug|Any CPU.Build.0 = Debug|Any CPU
		{1E4C33F9-79BD-4EAF-8397-CB446F2A98AB}.Debug|x64.ActiveCfg = Debug|Any CPU
		{1E4C33F9-79BD-4EAF-8397-CB446F2A98AB}.Debug|x64.Build.0 = Debug|Any CPU
		{1E4C33F9-79BD-4EAF-8397-CB446F2A98AB}.Debug|x86.ActiveCfg = Debug|Any CPU
		{1E4C33F9-79BD-4EAF-8397-CB446F2A98AB}.Debug|x86.Build.0 = Debug|Any CPU
		{1E4C33F9-79BD-4EAF-8397-CB446F2A98AB}.Release|Any CPU.ActiveCfg = Release|Any CPU
		{1E4C33F9-79BD-4EAF-8397-CB446F2A98AB}.Release|Any CPU.Build.0 = Release|Any CPU
		{1E4C33F9-79BD-4EAF-8397-CB446F2A98AB}.Release|x64.ActiveCfg = Release|Any CPU
		{1E4C33F9-79BD-4EAF-8397-CB446F2A98AB}.Release|x64.Build.0 = Release|Any CPU
		{1E4C33F9-79BD-4EAF-8397-CB446F2A98AB}.Release|x86.ActiveCfg = Release|Any CPU
		{1E4C33F9-79BD-4EAF-8397-CB446F2A98AB}.Release|x86.Build.0 = Release|Any CPU
		{D88E81E0-0731-4984-8B7C-15C7B41C5D8D}.Debug|Any CPU.ActiveCfg = Debug|Any CPU
		{D88E81E0-0731-4984-8B7C-15C7B41C5D8D}.Debug|Any CPU.Build.0 = Debug|Any CPU
		{D88E81E0-0731-4984-8B7C-15C7B41C5D8D}.Debug|x64.ActiveCfg = Debug|Any CPU
		{D88E81E0-0731-4984-8B7C-15C7B41C5D8D}.Debug|x64.Build.0 = Debug|Any CPU
		{D88E81E0-0731-4984-8B7C-15C7B41C5D8D}.Debug|x86.ActiveCfg = Debug|Any CPU
		{D88E81E0-0731-4984-8B7C-15C7B41C5D8D}.Debug|x86.Build.0 = Debug|Any CPU
		{D88E81E0-0731-4984-8B7C-15C7B41C5D8D}.Release|Any CPU.ActiveCfg = Release|Any CPU
		{D88E81E0-0731-4984-8B7C-15C7B41C5D8D}.Release|Any CPU.Build.0 = Release|Any CPU
		{D88E81E0-0731-4984-8B7C-15C7B41C5D8D}.Release|x64.ActiveCfg = Release|Any CPU
		{D88E81E0-0731-4984-8B7C-15C7B41C5D8D}.Release|x64.Build.0 = Release|Any CPU
		{D88E81E0-0731-4984-8B7C-15C7B41C5D8D}.Release|x86.ActiveCfg = Release|Any CPU
		{D88E81E0-0731-4984-8B7C-15C7B41C5D8D}.Release|x86.Build.0 = Release|Any CPU
		{6BC6A407-3293-4417-8F07-C96AF4EED758}.Debug|Any CPU.ActiveCfg = Debug|Any CPU
		{6BC6A407-3293-4417-8F07-C96AF4EED758}.Debug|Any CPU.Build.0 = Debug|Any CPU
		{6BC6A407-3293-4417-8F07-C96AF4EED758}.Debug|x64.ActiveCfg = Debug|Any CPU
		{6BC6A407-3293-4417-8F07-C96AF4EED758}.Debug|x64.Build.0 = Debug|Any CPU
		{6BC6A407-3293-4417-8F07-C96AF4EED758}.Debug|x86.ActiveCfg = Debug|Any CPU
		{6BC6A407-3293-4417-8F07-C96AF4EED758}.Debug|x86.Build.0 = Debug|Any CPU
		{6BC6A407-3293-4417-8F07-C96AF4EED758}.Release|Any CPU.ActiveCfg = Release|Any CPU
		{6BC6A407-3293-4417-8F07-C96AF4EED758}.Release|Any CPU.Build.0 = Release|Any CPU
		{6BC6A407-3293-4417-8F07-C96AF4EED758}.Release|x64.ActiveCfg = Release|Any CPU
		{6BC6A407-3293-4417-8F07-C96AF4EED758}.Release|x64.Build.0 = Release|Any CPU
		{6BC6A407-3293-4417-8F07-C96AF4EED758}.Release|x86.ActiveCfg = Release|Any CPU
		{6BC6A407-3293-4417-8F07-C96AF4EED758}.Release|x86.Build.0 = Release|Any CPU
		{ECBE47A5-33C0-4701-A55D-5F92483B7E79}.Debug|Any CPU.ActiveCfg = Debug|Any CPU
		{ECBE47A5-33C0-4701-A55D-5F92483B7E79}.Debug|Any CPU.Build.0 = Debug|Any CPU
		{ECBE47A5-33C0-4701-A55D-5F92483B7E79}.Debug|x64.ActiveCfg = Debug|Any CPU
		{ECBE47A5-33C0-4701-A55D-5F92483B7E79}.Debug|x64.Build.0 = Debug|Any CPU
		{ECBE47A5-33C0-4701-A55D-5F92483B7E79}.Debug|x86.ActiveCfg = Debug|Any CPU
		{ECBE47A5-33C0-4701-A55D-5F92483B7E79}.Debug|x86.Build.0 = Debug|Any CPU
		{ECBE47A5-33C0-4701-A55D-5F92483B7E79}.Release|Any CPU.ActiveCfg = Release|Any CPU
		{ECBE47A5-33C0-4701-A55D-5F92483B7E79}.Release|Any CPU.Build.0 = Release|Any CPU
		{ECBE47A5-33C0-4701-A55D-5F92483B7E79}.Release|x64.ActiveCfg = Release|Any CPU
		{ECBE47A5-33C0-4701-A55D-5F92483B7E79}.Release|x64.Build.0 = Release|Any CPU
		{ECBE47A5-33C0-4701-A55D-5F92483B7E79}.Release|x86.ActiveCfg = Release|Any CPU
		{ECBE47A5-33C0-4701-A55D-5F92483B7E79}.Release|x86.Build.0 = Release|Any CPU
	EndGlobalSection
	GlobalSection(SolutionProperties) = preSolution
		HideSolutionNode = FALSE
	EndGlobalSection
	GlobalSection(ExtensibilityGlobals) = postSolution
		SolutionGuid = {6FA0C8A1-3EC3-4A20-BB90-BF418FEB9A83}
	EndGlobalSection
EndGlobal
